Microsoft Visual Studio Solution File, Format Version 11.00
# Visual Studio 2008

Project("{EF31C992-6169-A1AF-0940-7B332ABC86DF}") = "Cult", "Assembly-CSharp.csproj", "{848238B6-EA1C-C3F6-BDC0-5FEBAFA639D7}"
EndProject
Global
	GlobalSection(SolutionConfigurationPlatforms) = preSolution
		Debug|Any CPU = Debug|Any CPU
		Release|Any CPU = Release|Any CPU
	EndGlobalSection
	GlobalSection(ProjectConfigurationPlatforms) = postSolution
		{848238B6-EA1C-C3F6-BDC0-5FEBAFA639D7}.Debug|Any CPU.ActiveCfg = Debug|Any CPU
		{848238B6-EA1C-C3F6-BDC0-5FEBAFA639D7}.Debug|Any CPU.Build.0 = Debug|Any CPU
		{848238B6-EA1C-C3F6-BDC0-5FEBAFA639D7}.Release|Any CPU.ActiveCfg = Release|Any CPU
		{848238B6-EA1C-C3F6-BDC0-5FEBAFA639D7}.Release|Any CPU.Build.0 = Release|Any CPU
	EndGlobalSection
	GlobalSection(SolutionProperties) = preSolution
		HideSolutionNode = FALSE
	EndGlobalSection
	GlobalSection(MonoDevelopProperties) = preSolution
		StartupItem = Assembly-CSharp.csproj
	EndGlobalSection
EndGlobal
